[dependencies]
  [dependencies.k8s]
    name = "k8s"
    full_name = "k8s_1.28.1"
    version = "1.28.1"
  [dependencies.oam]
    name = "oam"
    full_name = "oam_0.1.0"
    version = "0.1.0"
    sum = "/gS2egdMN690KVmNVNynwnZFFvcUAMB4DEjJ9Q1q7oA="
    reg = "ghcr.io"
    repo = "kcl-lang/oam"
    oci_tag = "0.1.0"
